// !$*UTF8*$!
{
	archiveVersion = 1;
	classes = {
	};
	objectVersion = 56;
	objects = {

/* Begin PBXBuildFile section */
		3734CA1A2B2F87310076770B /* AppLauncher.swift in Sources */ = {isa = PBXBuildFile; fileRef = 3734CA192B2F87310076770B /* AppLauncher.swift */; };
		3734CA1C2B2F8C910076770B /* AuthenticatedUserViewModelTests.swift in Sources */ = {isa = PBXBuildFile; fileRef = 3734CA1B2B2F8C910076770B /* AuthenticatedUserViewModelTests.swift */; };
		3734CA1E2B2F91340076770B /* AuthenticatedNavigationStack.swift in Sources */ = {isa = PBXBuildFile; fileRef = 3734CA1D2B2F91340076770B /* AuthenticatedNavigationStack.swift */; };
		3734CA202B2F9C690076770B /* FolderViewModel.swift in Sources */ = {isa = PBXBuildFile; fileRef = 3734CA1F2B2F9C690076770B /* FolderViewModel.swift */; };
		3734CA222B2F9F260076770B /* FolderView.swift in Sources */ = {isa = PBXBuildFile; fileRef = 3734CA212B2F9F260076770B /* FolderView.swift */; };
		3734CA242B2FA4E40076770B /* Date+UnitTests.swift in Sources */ = {isa = PBXBuildFile; fileRef = 3734CA232B2FA4E40076770B /* Date+UnitTests.swift */; };
		3734CA262B2FA5180076770B /* DateFormatter+UnitTests.swift in Sources */ = {isa = PBXBuildFile; fileRef = 3734CA252B2FA5180076770B /* DateFormatter+UnitTests.swift */; };
		3734CA282B2FAA0F0076770B /* FolderState.swift in Sources */ = {isa = PBXBuildFile; fileRef = 3734CA272B2FAA0F0076770B /* FolderState.swift */; };
		3734CA2A2B2FAC440076770B /* StateMachineError.swift in Sources */ = {isa = PBXBuildFile; fileRef = 3734CA292B2FAC440076770B /* StateMachineError.swift */; };
		37806CC52B2BF7DD00A580BB /* Assets.xcassets in Resources */ = {isa = PBXBuildFile; fileRef = 37806CC42B2BF7DD00A580BB /* Assets.xcassets */; };
		37806CC82B2BF7DD00A580BB /* Preview Assets.xcassets in Resources */ = {isa = PBXBuildFile; fileRef = 37806CC72B2BF7DD00A580BB /* Preview Assets.xcassets */; };
		37806CEB2B2BF88300A580BB /* App.swift in Sources */ = {isa = PBXBuildFile; fileRef = 37806CEA2B2BF88300A580BB /* App.swift */; };
		37806CED2B2BF89400A580BB /* ItemsResponseTests.swift in Sources */ = {isa = PBXBuildFile; fileRef = 37806CEC2B2BF89400A580BB /* ItemsResponseTests.swift */; };
		37806CF12B2BF8E800A580BB /* ItemsResponse.swift in Sources */ = {isa = PBXBuildFile; fileRef = 37806CF02B2BF8E800A580BB /* ItemsResponse.swift */; };
		37806CF52B2BF8F000A580BB /* File.swift in Sources */ = {isa = PBXBuildFile; fileRef = 37806CF22B2BF8F000A580BB /* File.swift */; };
		37806CF62B2BF8F000A580BB /* Item.swift in Sources */ = {isa = PBXBuildFile; fileRef = 37806CF32B2BF8F000A580BB /* Item.swift */; };
		37806CF72B2BF8F000A580BB /* Folder.swift in Sources */ = {isa = PBXBuildFile; fileRef = 37806CF42B2BF8F000A580BB /* Folder.swift */; };
		37806CFA2B2BFE6B00A580BB /* FileTests.swift in Sources */ = {isa = PBXBuildFile; fileRef = 37806CF92B2BFE6B00A580BB /* FileTests.swift */; };
		37806CFC2B2BFE7600A580BB /* FolderTests.swift in Sources */ = {isa = PBXBuildFile; fileRef = 37806CFB2B2BFE7600A580BB /* FolderTests.swift */; };
		37806CFF2B2C025800A580BB /* DateFormatter+BeReal.swift in Sources */ = {isa = PBXBuildFile; fileRef = 37806CFE2B2C025800A580BB /* DateFormatter+BeReal.swift */; };
		37806D022B2C056300A580BB /* File+UnitTest.swift in Sources */ = {isa = PBXBuildFile; fileRef = 37806D012B2C056300A580BB /* File+UnitTest.swift */; };
		37806D042B2C058500A580BB /* Folder+UnitTest.swift in Sources */ = {isa = PBXBuildFile; fileRef = 37806D032B2C058500A580BB /* Folder+UnitTest.swift */; };
		37806D062B2C070E00A580BB /* User.swift in Sources */ = {isa = PBXBuildFile; fileRef = 37806D052B2C070E00A580BB /* User.swift */; };
		37806D082B2C081500A580BB /* UserTests.swift in Sources */ = {isa = PBXBuildFile; fileRef = 37806D072B2C081500A580BB /* UserTests.swift */; };
		37806D0A2B2C09E000A580BB /* DateDecodingStrategy+BeReal.swift in Sources */ = {isa = PBXBuildFile; fileRef = 37806D092B2C09E000A580BB /* DateDecodingStrategy+BeReal.swift */; };
		37806D0D2B2C0CFB00A580BB /* APIClient.swift in Sources */ = {isa = PBXBuildFile; fileRef = 37806D0C2B2C0CFB00A580BB /* APIClient.swift */; };
		37806D102B2C194600A580BB /* KeychainSwift in Frameworks */ = {isa = PBXBuildFile; productRef = 37806D0F2B2C194600A580BB /* KeychainSwift */; };
		37806D122B2C195B00A580BB /* Authentication.swift in Sources */ = {isa = PBXBuildFile; fileRef = 37806D112B2C195B00A580BB /* Authentication.swift */; };
		37806D142B2C1E4B00A580BB /* APIClientTests.swift in Sources */ = {isa = PBXBuildFile; fileRef = 37806D132B2C1E4B00A580BB /* APIClientTests.swift */; };
		37806D172B2C25C300A580BB /* ItemsView.swift in Sources */ = {isa = PBXBuildFile; fileRef = 37806D162B2C25C300A580BB /* ItemsView.swift */; };
		37806D192B2C26F400A580BB /* File+PreviewContent.swift in Sources */ = {isa = PBXBuildFile; fileRef = 37806D182B2C26F400A580BB /* File+PreviewContent.swift */; };
		37806D1B2B2C289500A580BB /* ItemCell.swift in Sources */ = {isa = PBXBuildFile; fileRef = 37806D1A2B2C289500A580BB /* ItemCell.swift */; };
		37806D1D2B2C2AB600A580BB /* Folder+PreviewContent.swift in Sources */ = {isa = PBXBuildFile; fileRef = 37806D1C2B2C2AB600A580BB /* Folder+PreviewContent.swift */; };
		37806D1F2B2C2E5600A580BB /* AuthContainerView.swift in Sources */ = {isa = PBXBuildFile; fileRef = 37806D1E2B2C2E5600A580BB /* AuthContainerView.swift */; };
		37806D212B2C2F3E00A580BB /* LoginView.swift in Sources */ = {isa = PBXBuildFile; fileRef = 37806D202B2C2F3E00A580BB /* LoginView.swift */; };
		37806D242B2C2FBD00A580BB /* AuthenticationViewModel.swift in Sources */ = {isa = PBXBuildFile; fileRef = 37806D232B2C2FBD00A580BB /* AuthenticationViewModel.swift */; };
		37806D272B2E994400A580BB /* AuthenticationStateTests.swift in Sources */ = {isa = PBXBuildFile; fileRef = 37806D262B2E994400A580BB /* AuthenticationStateTests.swift */; };
		37806D292B2EA4B800A580BB /* AuthenticationState.swift in Sources */ = {isa = PBXBuildFile; fileRef = 37806D282B2EA4B800A580BB /* AuthenticationState.swift */; };
		37806D2B2B2F383B00A580BB /* AuthenticationViewModelTests.swift in Sources */ = {isa = PBXBuildFile; fileRef = 37806D2A2B2F383B00A580BB /* AuthenticationViewModelTests.swift */; };
		37806D2D2B2F3C3800A580BB /* User+UnitTest.swift in Sources */ = {isa = PBXBuildFile; fileRef = 37806D2C2B2F3C3800A580BB /* User+UnitTest.swift */; };
		37806D2F2B2F498D00A580BB /* AuthenticatedUserView.swift in Sources */ = {isa = PBXBuildFile; fileRef = 37806D2E2B2F498D00A580BB /* AuthenticatedUserView.swift */; };
		37806D312B2F54C100A580BB /* ViewModelFactory.swift in Sources */ = {isa = PBXBuildFile; fileRef = 37806D302B2F54C100A580BB /* ViewModelFactory.swift */; };
		37806D332B2F5EBF00A580BB /* AuthenticatedUserViewModel.swift in Sources */ = {isa = PBXBuildFile; fileRef = 37806D322B2F5EBF00A580BB /* AuthenticatedUserViewModel.swift */; };
		37806D352B2F601200A580BB /* User+PreviewContent.swift in Sources */ = {isa = PBXBuildFile; fileRef = 37806D342B2F601200A580BB /* User+PreviewContent.swift */; };
		37806D372B2F607B00A580BB /* AuthenticatedUserViewModel+PreviewContent.swift in Sources */ = {isa = PBXBuildFile; fileRef = 37806D362B2F607B00A580BB /* AuthenticatedUserViewModel+PreviewContent.swift */; };
/* End PBXBuildFile section */

/* Begin PBXContainerItemProxy section */
		37806CCE2B2BF7DD00A580BB /* PBXContainerItemProxy */ = {
			isa = PBXContainerItemProxy;
			containerPortal = 37806CB52B2BF7DC00A580BB /* Project object */;
			proxyType = 1;
			remoteGlobalIDString = 37806CBC2B2BF7DC00A580BB;
			remoteInfo = "BeReal-TS";
		};
/* End PBXContainerItemProxy section */

/* Begin PBXFileReference section */
		3734CA192B2F87310076770B /* AppLauncher.swift */ = {isa = PBXFileReference; lastKnownFileType = sourcecode.swift; path = AppLauncher.swift; sourceTree = "<group>"; };
		3734CA1B2B2F8C910076770B /* AuthenticatedUserViewModelTests.swift */ = {isa = PBXFileReference; lastKnownFileType = sourcecode.swift; path = AuthenticatedUserViewModelTests.swift; sourceTree = "<group>"; };
		3734CA1D2B2F91340076770B /* AuthenticatedNavigationStack.swift */ = {isa = PBXFileReference; lastKnownFileType = sourcecode.swift; path = AuthenticatedNavigationStack.swift; sourceTree = "<group>"; };
		3734CA1F2B2F9C690076770B /* FolderViewModel.swift */ = {isa = PBXFileReference; lastKnownFileType = sourcecode.swift; path = FolderViewModel.swift; sourceTree = "<group>"; };
		3734CA212B2F9F260076770B /* FolderView.swift */ = {isa = PBXFileReference; lastKnownFileType = sourcecode.swift; path = FolderView.swift; sourceTree = "<group>"; };
		3734CA232B2FA4E40076770B /* Date+UnitTests.swift */ = {isa = PBXFileReference; lastKnownFileType = sourcecode.swift; path = "Date+UnitTests.swift"; sourceTree = "<group>"; };
		3734CA252B2FA5180076770B /* DateFormatter+UnitTests.swift */ = {isa = PBXFileReference; lastKnownFileType = sourcecode.swift; path = "DateFormatter+UnitTests.swift"; sourceTree = "<group>"; };
		3734CA272B2FAA0F0076770B /* FolderState.swift */ = {isa = PBXFileReference; lastKnownFileType = sourcecode.swift; path = FolderState.swift; sourceTree = "<group>"; };
		3734CA292B2FAC440076770B /* StateMachineError.swift */ = {isa = PBXFileReference; lastKnownFileType = sourcecode.swift; path = StateMachineError.swift; sourceTree = "<group>"; };
		37806CBD2B2BF7DC00A580BB /* BeReal-TS.app */ = {isa = PBXFileReference; explicitFileType = wrapper.application; includeInIndex = 0; path = "BeReal-TS.app"; sourceTree = BUILT_PRODUCTS_DIR; };
		37806CC42B2BF7DD00A580BB /* Assets.xcassets */ = {isa = PBXFileReference; lastKnownFileType = folder.assetcatalog; path = Assets.xcassets; sourceTree = "<group>"; };
		37806CC72B2BF7DD00A580BB /* Preview Assets.xcassets */ = {isa = PBXFileReference; lastKnownFileType = folder.assetcatalog; path = "Preview Assets.xcassets"; sourceTree = "<group>"; };
		37806CCD2B2BF7DD00A580BB /* BeReal-TSTests.xctest */ = {isa = PBXFileReference; explicitFileType = wrapper.cfbundle; includeInIndex = 0; path = "BeReal-TSTests.xctest"; sourceTree = BUILT_PRODUCTS_DIR; };
		37806CEA2B2BF88300A580BB /* App.swift */ = {isa = PBXFileReference; fileEncoding = 4; lastKnownFileType = sourcecode.swift; path = App.swift; sourceTree = "<group>"; };
		37806CEC2B2BF89400A580BB /* ItemsResponseTests.swift */ = {isa = PBXFileReference; fileEncoding = 4; lastKnownFileType = sourcecode.swift; path = ItemsResponseTests.swift; sourceTree = "<group>"; };
		37806CF02B2BF8E800A580BB /* ItemsResponse.swift */ = {isa = PBXFileReference; fileEncoding = 4; lastKnownFileType = sourcecode.swift; path = ItemsResponse.swift; sourceTree = "<group>"; };
		37806CF22B2BF8F000A580BB /* File.swift */ = {isa = PBXFileReference; fileEncoding = 4; lastKnownFileType = sourcecode.swift; path = File.swift; sourceTree = "<group>"; };
		37806CF32B2BF8F000A580BB /* Item.swift */ = {isa = PBXFileReference; fileEncoding = 4; lastKnownFileType = sourcecode.swift; path = Item.swift; sourceTree = "<group>"; };
		37806CF42B2BF8F000A580BB /* Folder.swift */ = {isa = PBXFileReference; fileEncoding = 4; lastKnownFileType = sourcecode.swift; path = Folder.swift; sourceTree = "<group>"; };
		37806CF82B2BF97500A580BB /* BeReal-TS.xctestplan */ = {isa = PBXFileReference; lastKnownFileType = text; path = "BeReal-TS.xctestplan"; sourceTree = "<group>"; };
		37806CF92B2BFE6B00A580BB /* FileTests.swift */ = {isa = PBXFileReference; lastKnownFileType = sourcecode.swift; path = FileTests.swift; sourceTree = "<group>"; };
		37806CFB2B2BFE7600A580BB /* FolderTests.swift */ = {isa = PBXFileReference; lastKnownFileType = sourcecode.swift; path = FolderTests.swift; sourceTree = "<group>"; };
		37806CFE2B2C025800A580BB /* DateFormatter+BeReal.swift */ = {isa = PBXFileReference; lastKnownFileType = sourcecode.swift; path = "DateFormatter+BeReal.swift"; sourceTree = "<group>"; };
		37806D012B2C056300A580BB /* File+UnitTest.swift */ = {isa = PBXFileReference; lastKnownFileType = sourcecode.swift; path = "File+UnitTest.swift"; sourceTree = "<group>"; };
		37806D032B2C058500A580BB /* Folder+UnitTest.swift */ = {isa = PBXFileReference; lastKnownFileType = sourcecode.swift; path = "Folder+UnitTest.swift"; sourceTree = "<group>"; };
		37806D052B2C070E00A580BB /* User.swift */ = {isa = PBXFileReference; lastKnownFileType = sourcecode.swift; path = User.swift; sourceTree = "<group>"; };
		37806D072B2C081500A580BB /* UserTests.swift */ = {isa = PBXFileReference; lastKnownFileType = sourcecode.swift; path = UserTests.swift; sourceTree = "<group>"; };
		37806D092B2C09E000A580BB /* DateDecodingStrategy+BeReal.swift */ = {isa = PBXFileReference; lastKnownFileType = sourcecode.swift; path = "DateDecodingStrategy+BeReal.swift"; sourceTree = "<group>"; };
		37806D0C2B2C0CFB00A580BB /* APIClient.swift */ = {isa = PBXFileReference; lastKnownFileType = sourcecode.swift; path = APIClient.swift; sourceTree = "<group>"; };
		37806D112B2C195B00A580BB /* Authentication.swift */ = {isa = PBXFileReference; lastKnownFileType = sourcecode.swift; path = Authentication.swift; sourceTree = "<group>"; };
		37806D132B2C1E4B00A580BB /* APIClientTests.swift */ = {isa = PBXFileReference; lastKnownFileType = sourcecode.swift; path = APIClientTests.swift; sourceTree = "<group>"; };
		37806D162B2C25C300A580BB /* ItemsView.swift */ = {isa = PBXFileReference; lastKnownFileType = sourcecode.swift; path = ItemsView.swift; sourceTree = "<group>"; };
		37806D182B2C26F400A580BB /* File+PreviewContent.swift */ = {isa = PBXFileReference; lastKnownFileType = sourcecode.swift; path = "File+PreviewContent.swift"; sourceTree = "<group>"; };
		37806D1A2B2C289500A580BB /* ItemCell.swift */ = {isa = PBXFileReference; lastKnownFileType = sourcecode.swift; path = ItemCell.swift; sourceTree = "<group>"; };
		37806D1C2B2C2AB600A580BB /* Folder+PreviewContent.swift */ = {isa = PBXFileReference; lastKnownFileType = sourcecode.swift; path = "Folder+PreviewContent.swift"; sourceTree = "<group>"; };
		37806D1E2B2C2E5600A580BB /* AuthContainerView.swift */ = {isa = PBXFileReference; lastKnownFileType = sourcecode.swift; path = AuthContainerView.swift; sourceTree = "<group>"; };
		37806D202B2C2F3E00A580BB /* LoginView.swift */ = {isa = PBXFileReference; lastKnownFileType = sourcecode.swift; path = LoginView.swift; sourceTree = "<group>"; };
		37806D232B2C2FBD00A580BB /* AuthenticationViewModel.swift */ = {isa = PBXFileReference; lastKnownFileType = sourcecode.swift; path = AuthenticationViewModel.swift; sourceTree = "<group>"; };
		37806D252B2C3ACA00A580BB /* Info.plist */ = {isa = PBXFileReference; lastKnownFileType = text.plist; path = Info.plist; sourceTree = "<group>"; };
		37806D262B2E994400A580BB /* AuthenticationStateTests.swift */ = {isa = PBXFileReference; lastKnownFileType = sourcecode.swift; path = AuthenticationStateTests.swift; sourceTree = "<group>"; };
		37806D282B2EA4B800A580BB /* AuthenticationState.swift */ = {isa = PBXFileReference; lastKnownFileType = sourcecode.swift; path = AuthenticationState.swift; sourceTree = "<group>"; };
		37806D2A2B2F383B00A580BB /* AuthenticationViewModelTests.swift */ = {isa = PBXFileReference; lastKnownFileType = sourcecode.swift; path = AuthenticationViewModelTests.swift; sourceTree = "<group>"; };
		37806D2C2B2F3C3800A580BB /* User+UnitTest.swift */ = {isa = PBXFileReference; lastKnownFileType = sourcecode.swift; path = "User+UnitTest.swift"; sourceTree = "<group>"; };
		37806D2E2B2F498D00A580BB /* AuthenticatedUserView.swift */ = {isa = PBXFileReference; lastKnownFileType = sourcecode.swift; path = AuthenticatedUserView.swift; sourceTree = "<group>"; };
		37806D302B2F54C100A580BB /* ViewModelFactory.swift */ = {isa = PBXFileReference; lastKnownFileType = sourcecode.swift; path = ViewModelFactory.swift; sourceTree = "<group>"; };
		37806D322B2F5EBF00A580BB /* AuthenticatedUserViewModel.swift */ = {isa = PBXFileReference; lastKnownFileType = sourcecode.swift; path = AuthenticatedUserViewModel.swift; sourceTree = "<group>"; };
		37806D342B2F601200A580BB /* User+PreviewContent.swift */ = {isa = PBXFileReference; lastKnownFileType = sourcecode.swift; path = "User+PreviewContent.swift"; sourceTree = "<group>"; };
		37806D362B2F607B00A580BB /* AuthenticatedUserViewModel+PreviewContent.swift */ = {isa = PBXFileReference; lastKnownFileType = sourcecode.swift; path = "AuthenticatedUserViewModel+PreviewContent.swift"; sourceTree = "<group>"; };
/* End PBXFileReference section */

/* Begin PBXFrameworksBuildPhase section */
		37806CBA2B2BF7DC00A580BB /* Frameworks */ = {
			isa = PBXFrameworksBuildPhase;
			buildActionMask = 2147483647;
			files = (
				37806D102B2C194600A580BB /* KeychainSwift in Frameworks */,
			);
			runOnlyForDeploymentPostprocessing = 0;
		};
		37806CCA2B2BF7DD00A580BB /* Frameworks */ = {
			isa = PBXFrameworksBuildPhase;
			buildActionMask = 2147483647;
			files = (
			);
			runOnlyForDeploymentPostprocessing = 0;
		};
/* End PBXFrameworksBuildPhase section */

/* Begin PBXGroup section */
		37806CB42B2BF7DC00A580BB = {
			isa = PBXGroup;
			children = (
				37806CBF2B2BF7DC00A580BB /* BeReal-TS */,
				37806CD02B2BF7DD00A580BB /* BeReal-TSTests */,
				37806CBE2B2BF7DC00A580BB /* Products */,
			);
			sourceTree = "<group>";
		};
		37806CBE2B2BF7DC00A580BB /* Products */ = {
			isa = PBXGroup;
			children = (
				37806CBD2B2BF7DC00A580BB /* BeReal-TS.app */,
				37806CCD2B2BF7DD00A580BB /* BeReal-TSTests.xctest */,
			);
			name = Products;
			sourceTree = "<group>";
		};
		37806CBF2B2BF7DC00A580BB /* BeReal-TS */ = {
			isa = PBXGroup;
			children = (
				37806D252B2C3ACA00A580BB /* Info.plist */,
				37806CEA2B2BF88300A580BB /* App.swift */,
				3734CA192B2F87310076770B /* AppLauncher.swift */,
				37806CFD2B2C024B00A580BB /* Extensions */,
				37806CEE2B2BF8B500A580BB /* Models */,
				37806D0B2B2C0CEE00A580BB /* Services */,
				37806D222B2C2FB100A580BB /* View Models */,
				37806D152B2C25A200A580BB /* Views */,
				37806CC42B2BF7DD00A580BB /* Assets.xcassets */,
				37806CF82B2BF97500A580BB /* BeReal-TS.xctestplan */,
				37806CC62B2BF7DD00A580BB /* Preview Content */,
			);
			path = "BeReal-TS";
			sourceTree = "<group>";
		};
		37806CC62B2BF7DD00A580BB /* Preview Content */ = {
			isa = PBXGroup;
			children = (
				37806CC72B2BF7DD00A580BB /* Preview Assets.xcassets */,
				37806D362B2F607B00A580BB /* AuthenticatedUserViewModel+PreviewContent.swift */,
				37806D182B2C26F400A580BB /* File+PreviewContent.swift */,
				37806D1C2B2C2AB600A580BB /* Folder+PreviewContent.swift */,
				37806D342B2F601200A580BB /* User+PreviewContent.swift */,
			);
			path = "Preview Content";
			sourceTree = "<group>";
		};
		37806CD02B2BF7DD00A580BB /* BeReal-TSTests */ = {
			isa = PBXGroup;
			children = (
				37806D002B2C055500A580BB /* Utilities */,
				37806D132B2C1E4B00A580BB /* APIClientTests.swift */,
				3734CA1B2B2F8C910076770B /* AuthenticatedUserViewModelTests.swift */,
				37806D262B2E994400A580BB /* AuthenticationStateTests.swift */,
				37806D2A2B2F383B00A580BB /* AuthenticationViewModelTests.swift */,
				37806CF92B2BFE6B00A580BB /* FileTests.swift */,
				37806CFB2B2BFE7600A580BB /* FolderTests.swift */,
				37806CEC2B2BF89400A580BB /* ItemsResponseTests.swift */,
				37806D072B2C081500A580BB /* UserTests.swift */,
			);
			path = "BeReal-TSTests";
			sourceTree = "<group>";
		};
		37806CEE2B2BF8B500A580BB /* Models */ = {
			isa = PBXGroup;
			children = (
				37806D282B2EA4B800A580BB /* AuthenticationState.swift */,
				37806CF22B2BF8F000A580BB /* File.swift */,
				37806CF42B2BF8F000A580BB /* Folder.swift */,
				3734CA272B2FAA0F0076770B /* FolderState.swift */,
				37806CF32B2BF8F000A580BB /* Item.swift */,
				3734CA292B2FAC440076770B /* StateMachineError.swift */,
				37806D052B2C070E00A580BB /* User.swift */,
				37806CEF2B2BF8BE00A580BB /* API Responses */,
			);
			path = Models;
			sourceTree = "<group>";
		};
		37806CEF2B2BF8BE00A580BB /* API Responses */ = {
			isa = PBXGroup;
			children = (
				37806CF02B2BF8E800A580BB /* ItemsResponse.swift */,
			);
			path = "API Responses";
			sourceTree = "<group>";
		};
		37806CFD2B2C024B00A580BB /* Extensions */ = {
			isa = PBXGroup;
			children = (
				37806D092B2C09E000A580BB /* DateDecodingStrategy+BeReal.swift */,
				37806CFE2B2C025800A580BB /* DateFormatter+BeReal.swift */,
			);
			path = Extensions;
			sourceTree = "<group>";
		};
		37806D002B2C055500A580BB /* Utilities */ = {
			isa = PBXGroup;
			children = (
				3734CA232B2FA4E40076770B /* Date+UnitTests.swift */,
				3734CA252B2FA5180076770B /* DateFormatter+UnitTests.swift */,
				37806D012B2C056300A580BB /* File+UnitTest.swift */,
				37806D032B2C058500A580BB /* Folder+UnitTest.swift */,
				37806D2C2B2F3C3800A580BB /* User+UnitTest.swift */,
			);
			path = Utilities;
			sourceTree = "<group>";
		};
		37806D0B2B2C0CEE00A580BB /* Services */ = {
			isa = PBXGroup;
			children = (
				37806D0C2B2C0CFB00A580BB /* APIClient.swift */,
				37806D112B2C195B00A580BB /* Authentication.swift */,
			);
			path = Services;
			sourceTree = "<group>";
		};
		37806D152B2C25A200A580BB /* Views */ = {
			isa = PBXGroup;
			children = (
				37806D1E2B2C2E5600A580BB /* AuthContainerView.swift */,
				3734CA1D2B2F91340076770B /* AuthenticatedNavigationStack.swift */,
				37806D2E2B2F498D00A580BB /* AuthenticatedUserView.swift */,
				37806D1A2B2C289500A580BB /* ItemCell.swift */,
				37806D162B2C25C300A580BB /* ItemsView.swift */,
				37806D202B2C2F3E00A580BB /* LoginView.swift */,
				3734CA212B2F9F260076770B /* FolderView.swift */,
			);
			path = Views;
			sourceTree = "<group>";
		};
		37806D222B2C2FB100A580BB /* View Models */ = {
			isa = PBXGroup;
			children = (
				37806D322B2F5EBF00A580BB /* AuthenticatedUserViewModel.swift */,
				37806D232B2C2FBD00A580BB /* AuthenticationViewModel.swift */,
				3734CA1F2B2F9C690076770B /* FolderViewModel.swift */,
				37806D302B2F54C100A580BB /* ViewModelFactory.swift */,
			);
			path = "View Models";
			sourceTree = "<group>";
		};
/* End PBXGroup section */

/* Begin PBXNativeTarget section */
		37806CBC2B2BF7DC00A580BB /* BeReal-TS */ = {
			isa = PBXNativeTarget;
			buildConfigurationList = 37806CE12B2BF7DD00A580BB /* Build configuration list for PBXNativeTarget "BeReal-TS" */;
			buildPhases = (
				37806CB92B2BF7DC00A580BB /* Sources */,
				37806CBA2B2BF7DC00A580BB /* Frameworks */,
				37806CBB2B2BF7DC00A580BB /* Resources */,
			);
			buildRules = (
			);
			dependencies = (
			);
			name = "BeReal-TS";
			packageProductDependencies = (
				37806D0F2B2C194600A580BB /* KeychainSwift */,
			);
			productName = "BeReal-TS";
			productReference = 37806CBD2B2BF7DC00A580BB /* BeReal-TS.app */;
			productType = "com.apple.product-type.application";
		};
		37806CCC2B2BF7DD00A580BB /* BeReal-TSTests */ = {
			isa = PBXNativeTarget;
			buildConfigurationList = 37806CE42B2BF7DD00A580BB /* Build configuration list for PBXNativeTarget "BeReal-TSTests" */;
			buildPhases = (
				37806CC92B2BF7DD00A580BB /* Sources */,
				37806CCA2B2BF7DD00A580BB /* Frameworks */,
				37806CCB2B2BF7DD00A580BB /* Resources */,
			);
			buildRules = (
			);
			dependencies = (
				37806CCF2B2BF7DD00A580BB /* PBXTargetDependency */,
			);
			name = "BeReal-TSTests";
			productName = "BeReal-TSTests";
			productReference = 37806CCD2B2BF7DD00A580BB /* BeReal-TSTests.xctest */;
			productType = "com.apple.product-type.bundle.unit-test";
		};
/* End PBXNativeTarget section */

/* Begin PBXProject section */
		37806CB52B2BF7DC00A580BB /* Project object */ = {
			isa = PBXProject;
			attributes = {
				BuildIndependentTargetsInParallel = 1;
				LastSwiftUpdateCheck = 1510;
				LastUpgradeCheck = 1510;
				TargetAttributes = {
					37806CBC2B2BF7DC00A580BB = {
						CreatedOnToolsVersion = 15.1;
					};
					37806CCC2B2BF7DD00A580BB = {
						CreatedOnToolsVersion = 15.1;
						TestTargetID = 37806CBC2B2BF7DC00A580BB;
					};
				};
			};
			buildConfigurationList = 37806CB82B2BF7DC00A580BB /* Build configuration list for PBXProject "BeReal-TS" */;
			compatibilityVersion = "Xcode 14.0";
			developmentRegion = en;
			hasScannedForEncodings = 0;
			knownRegions = (
				en,
				Base,
			);
			mainGroup = 37806CB42B2BF7DC00A580BB;
			packageReferences = (
				37806D0E2B2C194500A580BB /* XCRemoteSwiftPackageReference "keychain-swift" */,
			);
			productRefGroup = 37806CBE2B2BF7DC00A580BB /* Products */;
			projectDirPath = "";
			projectRoot = "";
			targets = (
				37806CBC2B2BF7DC00A580BB /* BeReal-TS */,
				37806CCC2B2BF7DD00A580BB /* BeReal-TSTests */,
			);
		};
/* End PBXProject section */

/* Begin PBXResourcesBuildPhase section */
		37806CBB2B2BF7DC00A580BB /* Resources */ = {
			isa = PBXResourcesBuildPhase;
			buildActionMask = 2147483647;
			files = (
				37806CC82B2BF7DD00A580BB /* Preview Assets.xcassets in Resources */,
				37806CC52B2BF7DD00A580BB /* Assets.xcassets in Resources */,
			);
			runOnlyForDeploymentPostprocessing = 0;
		};
		37806CCB2B2BF7DD00A580BB /* Resources */ = {
			isa = PBXResourcesBuildPhase;
			buildActionMask = 2147483647;
			files = (
			);
			runOnlyForDeploymentPostprocessing = 0;
		};
/* End PBXResourcesBuildPhase section */

/* Begin PBXSourcesBuildPhase section */
		37806CB92B2BF7DC00A580BB /* Sources */ = {
			isa = PBXSourcesBuildPhase;
			buildActionMask = 2147483647;
			files = (
				37806D372B2F607B00A580BB /* AuthenticatedUserViewModel+PreviewContent.swift in Sources */,
				37806D292B2EA4B800A580BB /* AuthenticationState.swift in Sources */,
				37806CF62B2BF8F000A580BB /* Item.swift in Sources */,
				37806D0A2B2C09E000A580BB /* DateDecodingStrategy+BeReal.swift in Sources */,
				37806D1F2B2C2E5600A580BB /* AuthContainerView.swift in Sources */,
				37806D0D2B2C0CFB00A580BB /* APIClient.swift in Sources */,
				3734CA202B2F9C690076770B /* FolderViewModel.swift in Sources */,
				37806D312B2F54C100A580BB /* ViewModelFactory.swift in Sources */,
				37806D1B2B2C289500A580BB /* ItemCell.swift in Sources */,
				37806D2F2B2F498D00A580BB /* AuthenticatedUserView.swift in Sources */,
				37806CF52B2BF8F000A580BB /* File.swift in Sources */,
				3734CA1E2B2F91340076770B /* AuthenticatedNavigationStack.swift in Sources */,
				3734CA1A2B2F87310076770B /* AppLauncher.swift in Sources */,
				37806D192B2C26F400A580BB /* File+PreviewContent.swift in Sources */,
				37806D352B2F601200A580BB /* User+PreviewContent.swift in Sources */,
				37806D242B2C2FBD00A580BB /* AuthenticationViewModel.swift in Sources */,
				37806D332B2F5EBF00A580BB /* AuthenticatedUserViewModel.swift in Sources */,
				3734CA222B2F9F260076770B /* FolderView.swift in Sources */,
				37806CEB2B2BF88300A580BB /* App.swift in Sources */,
				3734CA2A2B2FAC440076770B /* StateMachineError.swift in Sources */,
				37806D062B2C070E00A580BB /* User.swift in Sources */,
				37806D212B2C2F3E00A580BB /* LoginView.swift in Sources */,
				3734CA282B2FAA0F0076770B /* FolderState.swift in Sources */,
				37806D172B2C25C300A580BB /* ItemsView.swift in Sources */,
				37806CF12B2BF8E800A580BB /* ItemsResponse.swift in Sources */,
				37806D1D2B2C2AB600A580BB /* Folder+PreviewContent.swift in Sources */,
				37806CFF2B2C025800A580BB /* DateFormatter+BeReal.swift in Sources */,
				37806CF72B2BF8F000A580BB /* Folder.swift in Sources */,
				37806D122B2C195B00A580BB /* Authentication.swift in Sources */,
			);
			runOnlyForDeploymentPostprocessing = 0;
		};
		37806CC92B2BF7DD00A580BB /* Sources */ = {
			isa = PBXSourcesBuildPhase;
			buildActionMask = 2147483647;
			files = (
				37806D082B2C081500A580BB /* UserTests.swift in Sources */,
				37806CED2B2BF89400A580BB /* ItemsResponseTests.swift in Sources */,
				37806D022B2C056300A580BB /* File+UnitTest.swift in Sources */,
				3734CA242B2FA4E40076770B /* Date+UnitTests.swift in Sources */,
				37806D142B2C1E4B00A580BB /* APIClientTests.swift in Sources */,
				3734CA262B2FA5180076770B /* DateFormatter+UnitTests.swift in Sources */,
				3734CA1C2B2F8C910076770B /* AuthenticatedUserViewModelTests.swift in Sources */,
				37806CFC2B2BFE7600A580BB /* FolderTests.swift in Sources */,
				37806D272B2E994400A580BB /* AuthenticationStateTests.swift in Sources */,
				37806D2B2B2F383B00A580BB /* AuthenticationViewModelTests.swift in Sources */,
				37806CFA2B2BFE6B00A580BB /* FileTests.swift in Sources */,
				37806D2D2B2F3C3800A580BB /* User+UnitTest.swift in Sources */,
				37806D042B2C058500A580BB /* Folder+UnitTest.swift in Sources */,
			);
			runOnlyForDeploymentPostprocessing = 0;
		};
/* End PBXSourcesBuildPhase section */

/* Begin PBXTargetDependency section */
		37806CCF2B2BF7DD00A580BB /* PBXTargetDependency */ = {
			isa = PBXTargetDependency;
			target = 37806CBC2B2BF7DC00A580BB /* BeReal-TS */;
			targetProxy = 37806CCE2B2BF7DD00A580BB /* PBXContainerItemProxy */;
		};
/* End PBXTargetDependency section */

/* Begin XCBuildConfiguration section */
		37806CDF2B2BF7DD00A580BB /* Debug */ = {
			isa = XCBuildConfiguration;
			buildSettings = {
				ALWAYS_SEARCH_USER_PATHS = NO;
				ASSETCATALOG_COMPILER_GENERATE_SWIFT_ASSET_SYMBOL_EXTENSIONS = YES;
				CLANG_ANALYZER_NONNULL = YES;
				CLANG_ANALYZER_NUMBER_OBJECT_CONVERSION = YES_AGGRESSIVE;
				CLANG_CXX_LANGUAGE_STANDARD = "gnu++20";
				CLANG_ENABLE_MODULES = YES;
				CLANG_ENABLE_OBJC_ARC = YES;
				CLANG_ENABLE_OBJC_WEAK = YES;
				CLANG_WARN_BLOCK_CAPTURE_AUTORELEASING = YES;
				CLANG_WARN_BOOL_CONVERSION = YES;
				CLANG_WARN_COMMA = YES;
				CLANG_WARN_CONSTANT_CONVERSION = YES;
				CLANG_WARN_DEPRECATED_OBJC_IMPLEMENTATIONS = YES;
				CLANG_WARN_DIRECT_OBJC_ISA_USAGE = YES_ERROR;
				CLANG_WARN_DOCUMENTATION_COMMENTS = YES;
				CLANG_WARN_EMPTY_BODY = YES;
				CLANG_WARN_ENUM_CONVERSION = YES;
				CLANG_WARN_INFINITE_RECURSION = YES;
				CLANG_WARN_INT_CONVERSION = YES;
				CLANG_WARN_NON_LITERAL_NULL_CONVERSION = YES;
				CLANG_WARN_OBJC_IMPLICIT_RETAIN_SELF = YES;
				CLANG_WARN_OBJC_LITERAL_CONVERSION = YES;
				CLANG_WARN_OBJC_ROOT_CLASS = YES_ERROR;
				CLANG_WARN_QUOTED_INCLUDE_IN_FRAMEWORK_HEADER = YES;
				CLANG_WARN_RANGE_LOOP_ANALYSIS = YES;
				CLANG_WARN_STRICT_PROTOTYPES = YES;
				CLANG_WARN_SUSPICIOUS_MOVE = YES;
				CLANG_WARN_UNGUARDED_AVAILABILITY = YES_AGGRESSIVE;
				CLANG_WARN_UNREACHABLE_CODE = YES;
				CLANG_WARN__DUPLICATE_METHOD_MATCH = YES;
				COPY_PHASE_STRIP = NO;
				DEBUG_INFORMATION_FORMAT = dwarf;
				ENABLE_STRICT_OBJC_MSGSEND = YES;
				ENABLE_TESTABILITY = YES;
				ENABLE_USER_SCRIPT_SANDBOXING = YES;
				GCC_C_LANGUAGE_STANDARD = gnu17;
				GCC_DYNAMIC_NO_PIC = NO;
				GCC_NO_COMMON_BLOCKS = YES;
				GCC_OPTIMIZATION_LEVEL = 0;
				GCC_PREPROCESSOR_DEFINITIONS = (
					"DEBUG=1",
					"$(inherited)",
				);
				GCC_WARN_64_TO_32_BIT_CONVERSION = YES;
				GCC_WARN_ABOUT_RETURN_TYPE = YES_ERROR;
				GCC_WARN_UNDECLARED_SELECTOR = YES;
				GCC_WARN_UNINITIALIZED_AUTOS = YES_AGGRESSIVE;
				GCC_WARN_UNUSED_FUNCTION = YES;
				GCC_WARN_UNUSED_VARIABLE = YES;
				IPHONEOS_DEPLOYMENT_TARGET = 17.0;
				LOCALIZATION_PREFERS_STRING_CATALOGS = YES;
				MTL_ENABLE_DEBUG_INFO = INCLUDE_SOURCE;
				MTL_FAST_MATH = YES;
				ONLY_ACTIVE_ARCH = YES;
				SDKROOT = iphoneos;
				SWIFT_ACTIVE_COMPILATION_CONDITIONS = "DEBUG $(inherited)";
				SWIFT_OPTIMIZATION_LEVEL = "-Onone";
			};
			name = Debug;
		};
		37806CE02B2BF7DD00A580BB /* Release */ = {
			isa = XCBuildConfiguration;
			buildSettings = {
				ALWAYS_SEARCH_USER_PATHS = NO;
				ASSETCATALOG_COMPILER_GENERATE_SWIFT_ASSET_SYMBOL_EXTENSIONS = YES;
				CLANG_ANALYZER_NONNULL = YES;
				CLANG_ANALYZER_NUMBER_OBJECT_CONVERSION = YES_AGGRESSIVE;
				CLANG_CXX_LANGUAGE_STANDARD = "gnu++20";
				CLANG_ENABLE_MODULES = YES;
				CLANG_ENABLE_OBJC_ARC = YES;
				CLANG_ENABLE_OBJC_WEAK = YES;
				CLANG_WARN_BLOCK_CAPTURE_AUTORELEASING = YES;
				CLANG_WARN_BOOL_CONVERSION = YES;
				CLANG_WARN_COMMA = YES;
				CLANG_WARN_CONSTANT_CONVERSION = YES;
				CLANG_WARN_DEPRECATED_OBJC_IMPLEMENTATIONS = YES;
				CLANG_WARN_DIRECT_OBJC_ISA_USAGE = YES_ERROR;
				CLANG_WARN_DOCUMENTATION_COMMENTS = YES;
				CLANG_WARN_EMPTY_BODY = YES;
				CLANG_WARN_ENUM_CONVERSION = YES;
				CLANG_WARN_INFINITE_RECURSION = YES;
				CLANG_WARN_INT_CONVERSION = YES;
				CLANG_WARN_NON_LITERAL_NULL_CONVERSION = YES;
				CLANG_WARN_OBJC_IMPLICIT_RETAIN_SELF = YES;
				CLANG_WARN_OBJC_LITERAL_CONVERSION = YES;
				CLANG_WARN_OBJC_ROOT_CLASS = YES_ERROR;
				CLANG_WARN_QUOTED_INCLUDE_IN_FRAMEWORK_HEADER = YES;
				CLANG_WARN_RANGE_LOOP_ANALYSIS = YES;
				CLANG_WARN_STRICT_PROTOTYPES = YES;
				CLANG_WARN_SUSPICIOUS_MOVE = YES;
				CLANG_WARN_UNGUARDED_AVAILABILITY = YES_AGGRESSIVE;
				CLANG_WARN_UNREACHABLE_CODE = YES;
				CLANG_WARN__DUPLICATE_METHOD_MATCH = YES;
				COPY_PHASE_STRIP = NO;
				DEBUG_INFORMATION_FORMAT = "dwarf-with-dsym";
				ENABLE_NS_ASSERTIONS = NO;
				ENABLE_STRICT_OBJC_MSGSEND = YES;
				ENABLE_USER_SCRIPT_SANDBOXING = YES;
				GCC_C_LANGUAGE_STANDARD = gnu17;
				GCC_NO_COMMON_BLOCKS = YES;
				GCC_WARN_64_TO_32_BIT_CONVERSION = YES;
				GCC_WARN_ABOUT_RETURN_TYPE = YES_ERROR;
				GCC_WARN_UNDECLARED_SELECTOR = YES;
				GCC_WARN_UNINITIALIZED_AUTOS = YES_AGGRESSIVE;
				GCC_WARN_UNUSED_FUNCTION = YES;
				GCC_WARN_UNUSED_VARIABLE = YES;
				IPHONEOS_DEPLOYMENT_TARGET = 17.0;
				LOCALIZATION_PREFERS_STRING_CATALOGS = YES;
				MTL_ENABLE_DEBUG_INFO = NO;
				MTL_FAST_MATH = YES;
				SDKROOT = iphoneos;
				SWIFT_COMPILATION_MODE = wholemodule;
				VALIDATE_PRODUCT = YES;
			};
			name = Release;
		};
		37806CE22B2BF7DD00A580BB /* Debug */ = {
			isa = XCBuildConfiguration;
			buildSettings = {
				ASSETCATALOG_COMPILER_APPICON_NAME = AppIcon;
				ASSETCATALOG_COMPILER_GLOBAL_ACCENT_COLOR_NAME = AccentColor;
				CODE_SIGN_STYLE = Automatic;
				CURRENT_PROJECT_VERSION = 1;
				DEVELOPMENT_ASSET_PATHS = "\"BeReal-TS/Preview Content\"";
				ENABLE_PREVIEWS = YES;
				GENERATE_INFOPLIST_FILE = YES;
				INFOPLIST_FILE = "BeReal-TS/Info.plist";
				INFOPLIST_KEY_UIApplicationSceneManifest_Generation = YES;
				INFOPLIST_KEY_UIApplicationSupportsIndirectInputEvents = YES;
				INFOPLIST_KEY_UILaunchScreen_Generation = YES;
				INFOPLIST_KEY_UISupportedInterfaceOrientations_iPad = "UIInterfaceOrientationPortrait UIInterfaceOrientationPortraitUpsideDown UIInterfaceOrientationLandscapeLeft UIInterfaceOrientationLandscapeRight";
				INFOPLIST_KEY_UISupportedInterfaceOrientations_iPhone = "UIInterfaceOrientationPortrait UIInterfaceOrientationLandscapeLeft UIInterfaceOrientationLandscapeRight";
				LD_RUNPATH_SEARCH_PATHS = (
					"$(inherited)",
					"@executable_path/Frameworks",
				);
				MARKETING_VERSION = 1.0;
				PRODUCT_BUNDLE_IDENTIFIER = "pizza.evan.BeReal-TS";
				PRODUCT_NAME = "$(TARGET_NAME)";
				SUPPORTED_PLATFORMS = "iphoneos iphonesimulator";
				SUPPORTS_MACCATALYST = NO;
				SUPPORTS_MAC_DESIGNED_FOR_IPHONE_IPAD = NO;
				SWIFT_EMIT_LOC_STRINGS = YES;
				SWIFT_VERSION = 5.0;
				TARGETED_DEVICE_FAMILY = 1;
			};
			name = Debug;
		};
		37806CE32B2BF7DD00A580BB /* Release */ = {
			isa = XCBuildConfiguration;
			buildSettings = {
				ASSETCATALOG_COMPILER_APPICON_NAME = AppIcon;
				ASSETCATALOG_COMPILER_GLOBAL_ACCENT_COLOR_NAME = AccentColor;
				CODE_SIGN_STYLE = Automatic;
				CURRENT_PROJECT_VERSION = 1;
				DEVELOPMENT_ASSET_PATHS = "\"BeReal-TS/Preview Content\"";
				ENABLE_PREVIEWS = YES;
				GENERATE_INFOPLIST_FILE = YES;
				INFOPLIST_FILE = "BeReal-TS/Info.plist";
				INFOPLIST_KEY_UIApplicationSceneManifest_Generation = YES;
				INFOPLIST_KEY_UIApplicationSupportsIndirectInputEvents = YES;
				INFOPLIST_KEY_UILaunchScreen_Generation = YES;
				INFOPLIST_KEY_UISupportedInterfaceOrientations_iPad = "UIInterfaceOrientationPortrait UIInterfaceOrientationPortraitUpsideDown UIInterfaceOrientationLandscapeLeft UIInterfaceOrientationLandscapeRight";
				INFOPLIST_KEY_UISupportedInterfaceOrientations_iPhone = "UIInterfaceOrientationPortrait UIInterfaceOrientationLandscapeLeft UIInterfaceOrientationLandscapeRight";
				LD_RUNPATH_SEARCH_PATHS = (
					"$(inherited)",
					"@executable_path/Frameworks",
				);
				MARKETING_VERSION = 1.0;
				PRODUCT_BUNDLE_IDENTIFIER = "pizza.evan.BeReal-TS";
				PRODUCT_NAME = "$(TARGET_NAME)";
				SUPPORTED_PLATFORMS = "iphoneos iphonesimulator";
				SUPPORTS_MACCATALYST = NO;
				SUPPORTS_MAC_DESIGNED_FOR_IPHONE_IPAD = NO;
				SWIFT_EMIT_LOC_STRINGS = YES;
				SWIFT_VERSION = 5.0;
				TARGETED_DEVICE_FAMILY = 1;
			};
			name = Release;
		};
		37806CE52B2BF7DD00A580BB /* Debug */ = {
			isa = XCBuildConfiguration;
			buildSettings = {
				ALWAYS_EMBED_SWIFT_STANDARD_LIBRARIES = YES;
				BUNDLE_LOADER = "$(TEST_HOST)";
				CODE_SIGN_STYLE = Automatic;
				CURRENT_PROJECT_VERSION = 1;
				GENERATE_INFOPLIST_FILE = YES;
				MARKETING_VERSION = 1.0;
				PRODUCT_BUNDLE_IDENTIFIER = "pizza.evan.BeReal-TSTests";
				PRODUCT_NAME = "$(TARGET_NAME)";
				SUPPORTED_PLATFORMS = "iphoneos iphonesimulator";
				SUPPORTS_MACCATALYST = NO;
				SUPPORTS_MAC_DESIGNED_FOR_IPHONE_IPAD = NO;
				SWIFT_EMIT_LOC_STRINGS = NO;
				SWIFT_VERSION = 5.0;
				TARGETED_DEVICE_FAMILY = 1;
				TEST_HOST = "$(BUILT_PRODUCTS_DIR)/BeReal-TS.app/$(BUNDLE_EXECUTABLE_FOLDER_PATH)/BeReal-TS";
			};
			name = Debug;
		};
		37806CE62B2BF7DD00A580BB /* Release */ = {
			isa = XCBuildConfiguration;
			buildSettings = {
				ALWAYS_EMBED_SWIFT_STANDARD_LIBRARIES = YES;
				BUNDLE_LOADER = "$(TEST_HOST)";
				CODE_SIGN_STYLE = Automatic;
				CURRENT_PROJECT_VERSION = 1;
				GENERATE_INFOPLIST_FILE = YES;
				MARKETING_VERSION = 1.0;
				PRODUCT_BUNDLE_IDENTIFIER = "pizza.evan.BeReal-TSTests";
				PRODUCT_NAME = "$(TARGET_NAME)";
				SUPPORTED_PLATFORMS = "iphoneos iphonesimulator";
				SUPPORTS_MACCATALYST = NO;
				SUPPORTS_MAC_DESIGNED_FOR_IPHONE_IPAD = NO;
				SWIFT_EMIT_LOC_STRINGS = NO;
				SWIFT_VERSION = 5.0;
				TARGETED_DEVICE_FAMILY = 1;
				TEST_HOST = "$(BUILT_PRODUCTS_DIR)/BeReal-TS.app/$(BUNDLE_EXECUTABLE_FOLDER_PATH)/BeReal-TS";
			};
			name = Release;
		};
/* End XCBuildConfiguration section */

/* Begin XCConfigurationList section */
		37806CB82B2BF7DC00A580BB /* Build configuration list for PBXProject "BeReal-TS" */ = {
			isa = XCConfigurationList;
			buildConfigurations = (
				37806CDF2B2BF7DD00A580BB /* Debug */,
				37806CE02B2BF7DD00A580BB /* Release */,
			);
			defaultConfigurationIsVisible = 0;
			defaultConfigurationName = Release;
		};
		37806CE12B2BF7DD00A580BB /* Build configuration list for PBXNativeTarget "BeReal-TS" */ = {
			isa = XCConfigurationList;
			buildConfigurations = (
				37806CE22B2BF7DD00A580BB /* Debug */,
				37806CE32B2BF7DD00A580BB /* Release */,
			);
			defaultConfigurationIsVisible = 0;
			defaultConfigurationName = Release;
		};
		37806CE42B2BF7DD00A580BB /* Build configuration list for PBXNativeTarget "BeReal-TSTests" */ = {
			isa = XCConfigurationList;
			buildConfigurations = (
				37806CE52B2BF7DD00A580BB /* Debug */,
				37806CE62B2BF7DD00A580BB /* Release */,
			);
			defaultConfigurationIsVisible = 0;
			defaultConfigurationName = Release;
		};
/* End XCConfigurationList section */

/* Begin XCRemoteSwiftPackageReference section */
		37806D0E2B2C194500A580BB /* XCRemoteSwiftPackageReference "keychain-swift" */ = {
			isa = XCRemoteSwiftPackageReference;
			repositoryURL = "https://github.com/evgenyneu/keychain-swift.git";
			requirement = {
				kind = upToNextMajorVersion;
				minimumVersion = 20.0.0;
			};
		};
/* End XCRemoteSwiftPackageReference section */

/* Begin XCSwiftPackageProductDependency section */
		37806D0F2B2C194600A580BB /* KeychainSwift */ = {
			isa = XCSwiftPackageProductDependency;
			package = 37806D0E2B2C194500A580BB /* XCRemoteSwiftPackageReference "keychain-swift" */;
			productName = KeychainSwift;
		};
/* End XCSwiftPackageProductDependency section */
	};
	rootObject = 37806CB52B2BF7DC00A580BB /* Project object */;
}
